
Microsoft Visual Studio Solution File, Format Version 12.00
# Visual Studio Version 17
VisualStudioVersion = 17.7.34018.315
MinimumVisualStudioVersion = 10.0.40219.1
Project("{FAE04EC0-301F-11D3-BF4B-00C04F79EFBC}") = "Kap 6 Uppgift 6.8", "Kap 6 Uppgift 6.8\Kap 6 Uppgift 6.8.csproj", "{2D118B88-BDEB-45AB-ACE9-531C5C5F4A9E}"
EndProject
Global
	GlobalSection(SolutionConfigurationPlatforms) = preSolution
		Debug|Any CPU = Debug|Any CPU
		Release|Any CPU = Release|Any CPU
	EndGlobalSection
	GlobalSection(ProjectConfigurationPlatforms) = postSolution
		{2D118B88-BDEB-45AB-ACE9-531C5C5F4A9E}.Debug|Any CPU.ActiveCfg = Debug|Any CPU
		{2D118B88-BDEB-45AB-ACE9-531C5C5F4A9E}.Debug|Any CPU.Build.0 = Debug|Any CPU
		{2D118B88-BDEB-45AB-ACE9-531C5C5F4A9E}.Release|Any CPU.ActiveCfg = Release|Any CPU
		{2D118B88-BDEB-45AB-ACE9-531C5C5F4A9E}.Release|Any CPU.Build.0 = Release|Any CPU
	EndGlobalSection
	GlobalSection(SolutionProperties) = preSolution
		HideSolutionNode = FALSE
	EndGlobalSection
	GlobalSection(ExtensibilityGlobals) = postSolution
		SolutionGuid = {AAE3CF0A-BB6D-4185-9B1D-D196F4C82015}
	EndGlobalSection
EndGlobal
